
Microsoft Visual Studio Solution File, Format Version 12.00
# Visual Studio Version 17
VisualStudioVersion = 17.8.34511.84
MinimumVisualStudioVersion = 10.0.40219.1
Project("{2150E333-8FDC-42A3-9474-1A3956D46DE8}") = "source", "source", "{F4110460-B025-4511-9193-CCF4409ABF6C}"
EndProject
Project("{2150E333-8FDC-42A3-9474-1A3956D46DE8}") = "tests", "tests", "{93989FA1-EF74-4D93-8DD0-E6298F2DDE89}"
EndProject
Project("{9A19103F-16F7-4668-BE54-9A1E7A4F7556}") = "Domain", "Domain\Domain.csproj", "{202F0E6F-862E-4584-8589-14CAF45D48FA}"
EndProject
Project("{9A19103F-16F7-4668-BE54-9A1E7A4F7556}") = "Application", "Application\Application.csproj", "{05A487A0-6901-459D-BFF9-8880AF55510E}"
	ProjectSection(ProjectDependencies) = postProject
		{202F0E6F-862E-4584-8589-14CAF45D48FA} = {202F0E6F-862E-4584-8589-14CAF45D48FA}
	EndProjectSection
EndProject
Project("{9A19103F-16F7-4668-BE54-9A1E7A4F7556}") = "Infrastructure", "Infrastructure\Infrastructure.csproj", "{71130946-DE71-4D11-92B4-52DEF8574BA1}"
	ProjectSection(ProjectDependencies) = postProject
		{05A487A0-6901-459D-BFF9-8880AF55510E} = {05A487A0-6901-459D-BFF9-8880AF55510E}
	EndProjectSection
EndProject
Project("{9A19103F-16F7-4668-BE54-9A1E7A4F7556}") = "Presentation", "Presentation\Presentation.csproj", "{7A11CD9C-E32E-4D50-A608-49631495B337}"
	ProjectSection(ProjectDependencies) = postProject
		{05A487A0-6901-459D-BFF9-8880AF55510E} = {05A487A0-6901-459D-BFF9-8880AF55510E}
		{71130946-DE71-4D11-92B4-52DEF8574BA1} = {71130946-DE71-4D11-92B4-52DEF8574BA1}
	EndProjectSection
EndProject
Project("{2150E333-8FDC-42A3-9474-1A3956D46DE8}") = "orchestration", "orchestration", "{7881CAC5-251E-42E7-B6AE-200C9B06D957}"
EndProject
Project("{E53339B2-1760-4266-BCC7-CA923CBCF16C}") = "docker-compose", "docker-compose.dcproj", "{7E2B19F1-6B4F-41BB-942D-63F6583D535E}"
EndProject
Global
	GlobalSection(SolutionConfigurationPlatforms) = preSolution
		Debug|Any CPU = Debug|Any CPU
		Release|Any CPU = Release|Any CPU
	EndGlobalSection
	GlobalSection(ProjectConfigurationPlatforms) = postSolution
		{202F0E6F-862E-4584-8589-14CAF45D48FA}.Debug|Any CPU.ActiveCfg = Debug|Any CPU
		{202F0E6F-862E-4584-8589-14CAF45D48FA}.Debug|Any CPU.Build.0 = Debug|Any CPU
		{202F0E6F-862E-4584-8589-14CAF45D48FA}.Release|Any CPU.ActiveCfg = Release|Any CPU
		{202F0E6F-862E-4584-8589-14CAF45D48FA}.Release|Any CPU.Build.0 = Release|Any CPU
		{05A487A0-6901-459D-BFF9-8880AF55510E}.Debug|Any CPU.ActiveCfg = Debug|Any CPU
		{05A487A0-6901-459D-BFF9-8880AF55510E}.Debug|Any CPU.Build.0 = Debug|Any CPU
		{05A487A0-6901-459D-BFF9-8880AF55510E}.Release|Any CPU.ActiveCfg = Release|Any CPU
		{05A487A0-6901-459D-BFF9-8880AF55510E}.Release|Any CPU.Build.0 = Release|Any CPU
		{71130946-DE71-4D11-92B4-52DEF8574BA1}.Debug|Any CPU.ActiveCfg = Debug|Any CPU
		{71130946-DE71-4D11-92B4-52DEF8574BA1}.Debug|Any CPU.Build.0 = Debug|Any CPU
		{71130946-DE71-4D11-92B4-52DEF8574BA1}.Release|Any CPU.ActiveCfg = Release|Any CPU
		{71130946-DE71-4D11-92B4-52DEF8574BA1}.Release|Any CPU.Build.0 = Release|Any CPU
		{7A11CD9C-E32E-4D50-A608-49631495B337}.Debug|Any CPU.ActiveCfg = Debug|Any CPU
		{7A11CD9C-E32E-4D50-A608-49631495B337}.Debug|Any CPU.Build.0 = Debug|Any CPU
		{7A11CD9C-E32E-4D50-A608-49631495B337}.Release|Any CPU.ActiveCfg = Release|Any CPU
		{7A11CD9C-E32E-4D50-A608-49631495B337}.Release|Any CPU.Build.0 = Release|Any CPU
		{7E2B19F1-6B4F-41BB-942D-63F6583D535E}.Debug|Any CPU.ActiveCfg = Debug|Any CPU
		{7E2B19F1-6B4F-41BB-942D-63F6583D535E}.Debug|Any CPU.Build.0 = Debug|Any CPU
		{7E2B19F1-6B4F-41BB-942D-63F6583D535E}.Release|Any CPU.ActiveCfg = Release|Any CPU
		{7E2B19F1-6B4F-41BB-942D-63F6583D535E}.Release|Any CPU.Build.0 = Release|Any CPU
	EndGlobalSection
	GlobalSection(SolutionProperties) = preSolution
		HideSolutionNode = FALSE
	EndGlobalSection
	GlobalSection(NestedProjects) = preSolution
		{202F0E6F-862E-4584-8589-14CAF45D48FA} = {F4110460-B025-4511-9193-CCF4409ABF6C}
		{05A487A0-6901-459D-BFF9-8880AF55510E} = {F4110460-B025-4511-9193-CCF4409ABF6C}
		{71130946-DE71-4D11-92B4-52DEF8574BA1} = {F4110460-B025-4511-9193-CCF4409ABF6C}
		{7A11CD9C-E32E-4D50-A608-49631495B337} = {F4110460-B025-4511-9193-CCF4409ABF6C}
		{7E2B19F1-6B4F-41BB-942D-63F6583D535E} = {7881CAC5-251E-42E7-B6AE-200C9B06D957}
	EndGlobalSection
	GlobalSection(ExtensibilityGlobals) = postSolution
		SolutionGuid = {003AE354-90EB-4B39-BEF5-822FE9520785}
	EndGlobalSection
EndGlobal
