
Microsoft Visual Studio Solution File, Format Version 12.00
# Visual Studio Version 17
VisualStudioVersion = 17.8.34511.84
MinimumVisualStudioVersion = 10.0.40219.1
Project("{2150E333-8FDC-42A3-9474-1A3956D46DE8}") = "source", "source", "{F4110460-B025-4511-9193-CCF4409ABF6C}"
EndProject
Project("{2150E333-8FDC-42A3-9474-1A3956D46DE8}") = "tests", "tests", "{93989FA1-EF74-4D93-8DD0-E6298F2DDE89}"
EndProject
Project("{9A19103F-16F7-4668-BE54-9A1E7A4F7556}") = "Domain", "source\core\Domain\Domain.csproj", "{202F0E6F-862E-4584-8589-14CAF45D48FA}"
EndProject
Project("{9A19103F-16F7-4668-BE54-9A1E7A4F7556}") = "Application", "source\core\Application\Application.csproj", "{05A487A0-6901-459D-BFF9-8880AF55510E}"
	ProjectSection(ProjectDependencies) = postProject
		{202F0E6F-862E-4584-8589-14CAF45D48FA} = {202F0E6F-862E-4584-8589-14CAF45D48FA}
	EndProjectSection
EndProject
Project("{9A19103F-16F7-4668-BE54-9A1E7A4F7556}") = "Infrastructure", "source\core\Infrastructure\Infrastructure.csproj", "{71130946-DE71-4D11-92B4-52DEF8574BA1}"
	ProjectSection(ProjectDependencies) = postProject
		{05A487A0-6901-459D-BFF9-8880AF55510E} = {05A487A0-6901-459D-BFF9-8880AF55510E}
	EndProjectSection
EndProject
Project("{2150E333-8FDC-42A3-9474-1A3956D46DE8}") = "orchestration", "orchestration", "{7881CAC5-251E-42E7-B6AE-200C9B06D957}"
EndProject
Project("{2150E333-8FDC-42A3-9474-1A3956D46DE8}") = "modules", "modules", "{693B27C8-B03C-466E-8B33-23F7E9FED1AA}"
EndProject
Project("{2150E333-8FDC-42A3-9474-1A3956D46DE8}") = "identity", "identity", "{9E83D0BC-18E2-4E01-9037-399C6F6D68E2}"
EndProject
Project("{9A19103F-16F7-4668-BE54-9A1E7A4F7556}") = "Identity.Domain", "source\modules\identity\Identity.Domain\Identity.Domain.csproj", "{B9016260-E589-424E-8554-8ED00D4B89D2}"
EndProject
Project("{9A19103F-16F7-4668-BE54-9A1E7A4F7556}") = "Identity.Application", "source\modules\identity\Identity.Application\Identity.Application.csproj", "{8B01B8C5-E9C4-4BBC-820B-36C2AC704169}"
EndProject
Project("{9A19103F-16F7-4668-BE54-9A1E7A4F7556}") = "Identity.Infrastructure", "source\modules\identity\Identity.Infrastructure\Identity.Infrastructure.csproj", "{2B201294-C4A3-4261-8BA2-FBF5387745FD}"
EndProject
Project("{9A19103F-16F7-4668-BE54-9A1E7A4F7556}") = "Identity.Presentation", "source\modules\identity\Identity.Presentation\Identity.Presentation.csproj", "{CFE79052-9FFF-4468-ABD2-938B036C7FAF}"
EndProject
Project("{9A19103F-16F7-4668-BE54-9A1E7A4F7556}") = "ZenthicAlpha", "source\ZenthicAlpha\ZenthicAlpha.csproj", "{1DAFE112-21FA-4C36-BDF5-D48C31169461}"
EndProject
Project("{E53339B2-1760-4266-BCC7-CA923CBCF16C}") = "docker-compose", "docker-compose.dcproj", "{9DF1CCCC-B37D-4444-9E4C-09EB8D73038C}"
EndProject
Project("{9A19103F-16F7-4668-BE54-9A1E7A4F7556}") = "Presentation", "source\core\Presentation\Presentation.csproj", "{DC83D0EF-D89E-4141-AE01-034FF6D89441}"
EndProject
Project("{2150E333-8FDC-42A3-9474-1A3956D46DE8}") = "core", "core", "{3A9F50AE-E169-4CD9-B875-437555180FE4}"
EndProject
Global
	GlobalSection(SolutionConfigurationPlatforms) = preSolution
		Debug|Any CPU = Debug|Any CPU
		Release|Any CPU = Release|Any CPU
	EndGlobalSection
	GlobalSection(ProjectConfigurationPlatforms) = postSolution
		{202F0E6F-862E-4584-8589-14CAF45D48FA}.Debug|Any CPU.ActiveCfg = Debug|Any CPU
		{202F0E6F-862E-4584-8589-14CAF45D48FA}.Debug|Any CPU.Build.0 = Debug|Any CPU
		{202F0E6F-862E-4584-8589-14CAF45D48FA}.Release|Any CPU.ActiveCfg = Release|Any CPU
		{202F0E6F-862E-4584-8589-14CAF45D48FA}.Release|Any CPU.Build.0 = Release|Any CPU
		{05A487A0-6901-459D-BFF9-8880AF55510E}.Debug|Any CPU.ActiveCfg = Debug|Any CPU
		{05A487A0-6901-459D-BFF9-8880AF55510E}.Debug|Any CPU.Build.0 = Debug|Any CPU
		{05A487A0-6901-459D-BFF9-8880AF55510E}.Release|Any CPU.ActiveCfg = Release|Any CPU
		{05A487A0-6901-459D-BFF9-8880AF55510E}.Release|Any CPU.Build.0 = Release|Any CPU
		{71130946-DE71-4D11-92B4-52DEF8574BA1}.Debug|Any CPU.ActiveCfg = Debug|Any CPU
		{71130946-DE71-4D11-92B4-52DEF8574BA1}.Debug|Any CPU.Build.0 = Debug|Any CPU
		{71130946-DE71-4D11-92B4-52DEF8574BA1}.Release|Any CPU.ActiveCfg = Release|Any CPU
		{71130946-DE71-4D11-92B4-52DEF8574BA1}.Release|Any CPU.Build.0 = Release|Any CPU
		{B9016260-E589-424E-8554-8ED00D4B89D2}.Debug|Any CPU.ActiveCfg = Debug|Any CPU
		{B9016260-E589-424E-8554-8ED00D4B89D2}.Debug|Any CPU.Build.0 = Debug|Any CPU
		{B9016260-E589-424E-8554-8ED00D4B89D2}.Release|Any CPU.ActiveCfg = Release|Any CPU
		{B9016260-E589-424E-8554-8ED00D4B89D2}.Release|Any CPU.Build.0 = Release|Any CPU
		{8B01B8C5-E9C4-4BBC-820B-36C2AC704169}.Debug|Any CPU.ActiveCfg = Debug|Any CPU
		{8B01B8C5-E9C4-4BBC-820B-36C2AC704169}.Debug|Any CPU.Build.0 = Debug|Any CPU
		{8B01B8C5-E9C4-4BBC-820B-36C2AC704169}.Release|Any CPU.ActiveCfg = Release|Any CPU
		{8B01B8C5-E9C4-4BBC-820B-36C2AC704169}.Release|Any CPU.Build.0 = Release|Any CPU
		{2B201294-C4A3-4261-8BA2-FBF5387745FD}.Debug|Any CPU.ActiveCfg = Debug|Any CPU
		{2B201294-C4A3-4261-8BA2-FBF5387745FD}.Debug|Any CPU.Build.0 = Debug|Any CPU
		{2B201294-C4A3-4261-8BA2-FBF5387745FD}.Release|Any CPU.ActiveCfg = Release|Any CPU
		{2B201294-C4A3-4261-8BA2-FBF5387745FD}.Release|Any CPU.Build.0 = Release|Any CPU
		{CFE79052-9FFF-4468-ABD2-938B036C7FAF}.Debug|Any CPU.ActiveCfg = Debug|Any CPU
		{CFE79052-9FFF-4468-ABD2-938B036C7FAF}.Debug|Any CPU.Build.0 = Debug|Any CPU
		{CFE79052-9FFF-4468-ABD2-938B036C7FAF}.Release|Any CPU.ActiveCfg = Release|Any CPU
		{CFE79052-9FFF-4468-ABD2-938B036C7FAF}.Release|Any CPU.Build.0 = Release|Any CPU
		{1DAFE112-21FA-4C36-BDF5-D48C31169461}.Debug|Any CPU.ActiveCfg = Debug|Any CPU
		{1DAFE112-21FA-4C36-BDF5-D48C31169461}.Debug|Any CPU.Build.0 = Debug|Any CPU
		{1DAFE112-21FA-4C36-BDF5-D48C31169461}.Release|Any CPU.ActiveCfg = Release|Any CPU
		{1DAFE112-21FA-4C36-BDF5-D48C31169461}.Release|Any CPU.Build.0 = Release|Any CPU
		{9DF1CCCC-B37D-4444-9E4C-09EB8D73038C}.Debug|Any CPU.ActiveCfg = Debug|Any CPU
		{9DF1CCCC-B37D-4444-9E4C-09EB8D73038C}.Debug|Any CPU.Build.0 = Debug|Any CPU
		{9DF1CCCC-B37D-4444-9E4C-09EB8D73038C}.Release|Any CPU.ActiveCfg = Release|Any CPU
		{9DF1CCCC-B37D-4444-9E4C-09EB8D73038C}.Release|Any CPU.Build.0 = Release|Any CPU
		{DC83D0EF-D89E-4141-AE01-034FF6D89441}.Debug|Any CPU.ActiveCfg = Debug|Any CPU
		{DC83D0EF-D89E-4141-AE01-034FF6D89441}.Debug|Any CPU.Build.0 = Debug|Any CPU
		{DC83D0EF-D89E-4141-AE01-034FF6D89441}.Release|Any CPU.ActiveCfg = Release|Any CPU
		{DC83D0EF-D89E-4141-AE01-034FF6D89441}.Release|Any CPU.Build.0 = Release|Any CPU
	EndGlobalSection
	GlobalSection(SolutionProperties) = preSolution
		HideSolutionNode = FALSE
	EndGlobalSection
	GlobalSection(NestedProjects) = preSolution
		{202F0E6F-862E-4584-8589-14CAF45D48FA} = {3A9F50AE-E169-4CD9-B875-437555180FE4}
		{05A487A0-6901-459D-BFF9-8880AF55510E} = {3A9F50AE-E169-4CD9-B875-437555180FE4}
		{71130946-DE71-4D11-92B4-52DEF8574BA1} = {3A9F50AE-E169-4CD9-B875-437555180FE4}
		{693B27C8-B03C-466E-8B33-23F7E9FED1AA} = {F4110460-B025-4511-9193-CCF4409ABF6C}
		{9E83D0BC-18E2-4E01-9037-399C6F6D68E2} = {693B27C8-B03C-466E-8B33-23F7E9FED1AA}
		{B9016260-E589-424E-8554-8ED00D4B89D2} = {9E83D0BC-18E2-4E01-9037-399C6F6D68E2}
		{8B01B8C5-E9C4-4BBC-820B-36C2AC704169} = {9E83D0BC-18E2-4E01-9037-399C6F6D68E2}
		{2B201294-C4A3-4261-8BA2-FBF5387745FD} = {9E83D0BC-18E2-4E01-9037-399C6F6D68E2}
		{CFE79052-9FFF-4468-ABD2-938B036C7FAF} = {9E83D0BC-18E2-4E01-9037-399C6F6D68E2}
		{9DF1CCCC-B37D-4444-9E4C-09EB8D73038C} = {7881CAC5-251E-42E7-B6AE-200C9B06D957}
		{DC83D0EF-D89E-4141-AE01-034FF6D89441} = {3A9F50AE-E169-4CD9-B875-437555180FE4}
		{3A9F50AE-E169-4CD9-B875-437555180FE4} = {F4110460-B025-4511-9193-CCF4409ABF6C}
	EndGlobalSection
	GlobalSection(ExtensibilityGlobals) = postSolution
		SolutionGuid = {003AE354-90EB-4B39-BEF5-822FE9520785}
	EndGlobalSection
EndGlobal
